
Microsoft Visual Studio Solution File, Format Version 12.00
# Visual Studio Version 17
VisualStudioVersion = 17.4.33122.133
MinimumVisualStudioVersion = 10.0.40219.1
Project("{8BC9CEB8-8B4A-11D0-8D11-00A0C91BC942}") = "p3SceneLoader", "p3SceneLoader\p3SceneLoader.vcxproj", "{8906932A-5682-414D-93D1-A0862F6710C3}"
EndProject
Global
	GlobalSection(SolutionConfigurationPlatforms) = preSolution
		Debug|x64 = Debug|x64
		Debug|x86 = Debug|x86
		Release|x64 = Release|x64
		Release|x86 = Release|x86
	EndGlobalSection
	GlobalSection(ProjectConfigurationPlatforms) = postSolution
		{8906932A-5682-414D-93D1-A0862F6710C3}.Debug|x64.ActiveCfg = Debug|x64
		{8906932A-5682-414D-93D1-A0862F6710C3}.Debug|x64.Build.0 = Debug|x64
		{8906932A-5682-414D-93D1-A0862F6710C3}.Debug|x86.ActiveCfg = Debug|Win32
		{8906932A-5682-414D-93D1-A0862F6710C3}.Debug|x86.Build.0 = Debug|Win32
		{8906932A-5682-414D-93D1-A0862F6710C3}.Release|x64.ActiveCfg = Release|x64
		{8906932A-5682-414D-93D1-A0862F6710C3}.Release|x64.Build.0 = Release|x64
		{8906932A-5682-414D-93D1-A0862F6710C3}.Release|x86.ActiveCfg = Release|Win32
		{8906932A-5682-414D-93D1-A0862F6710C3}.Release|x86.Build.0 = Release|Win32
	EndGlobalSection
	GlobalSection(SolutionProperties) = preSolution
		HideSolutionNode = FALSE
	EndGlobalSection
	GlobalSection(ExtensibilityGlobals) = postSolution
		SolutionGuid = {A42368FB-F672-43A7-9816-A88FF29776BF}
	EndGlobalSection
EndGlobal
